dependencies:
- name: casepack-api
  repository: oci://ghcr.io/bysamio/charts
  version: 0.21.0
- name: casepack-spa
  repository: oci://ghcr.io/bysamio/charts
  version: 0.20.0
- name: postgresql
  repository: oci://ghcr.io/bysamio/charts
  version: 2.3.1
- name: keycloak
  repository: oci://ghcr.io/bysamio/charts
  version: 1.2.4
- name: seaweedfs
  repository: https://seaweedfs.github.io/seaweedfs/helm
  version: 4.34.0
digest: sha256:ff91fe3de0460de67c83fb4855194ae65465365772c9efc9c757a39d0eafe661
generated: "2026-07-05T01:23:36.996493+02:00"
