dependencies:
- name: casepack-api
  repository: oci://ghcr.io/bysamio/charts
  version: 0.32.0
- name: casepack-spa
  repository: oci://ghcr.io/bysamio/charts
  version: 0.32.0
- name: postgresql
  repository: oci://ghcr.io/bysamio/charts
  version: 2.3.1
- name: keycloak
  repository: oci://ghcr.io/bysamio/charts
  version: 1.4.0
- name: gotenberg
  repository: oci://ghcr.io/bysamio/charts
  version: 0.2.0
- name: seaweedfs
  repository: https://seaweedfs.github.io/seaweedfs/helm
  version: 4.34.0
digest: sha256:84c0aa06db82d6719bda16820b2358dd817d1136c1a51ce1499297346e739e21
generated: "2026-09-27T01:32:27.920246+02:00"
