dependencies:
- name: mariadb
  repository: https://bysamio.github.io/charts/
  version: 1.0.2
- name: memcached
  repository: https://bysamio.github.io/charts/
  version: 1.0.1
digest: sha256:115398c86042367ac94aee8d1413d7e5252758733ad14961a6a3aacfc486aa30
generated: "2026-01-08T20:06:00.949482+01:00"
